
Microsoft Visual Studio Solution File, Format Version 12.00
# Visual Studio 15
Project("{FAE04EC0-301F-11D3-BF4B-00C04F79EFBC}") = "Assembly-CSharp", "Assembly-CSharp.csproj", "{ECED97F5-058D-1AB3-C607-0F829AD26DA9}"
EndProject
Global
	GlobalSection(SolutionConfigurationPlatforms) = preSolution
		Debug|Any CPU = Debug|Any CPU
		Release|Any CPU = Release|Any CPU
	EndGlobalSection
	GlobalSection(ProjectConfigurationPlatforms) = postSolution
		{ECED97F5-058D-1AB3-C607-0F829AD26DA9}.Debug|Any CPU.ActiveCfg = Debug|Any CPU
		{ECED97F5-058D-1AB3-C607-0F829AD26DA9}.Debug|Any CPU.Build.0 = Debug|Any CPU
		{ECED97F5-058D-1AB3-C607-0F829AD26DA9}.Release|Any CPU.ActiveCfg = Release|Any CPU
		{ECED97F5-058D-1AB3-C607-0F829AD26DA9}.Release|Any CPU.Build.0 = Release|Any CPU
	EndGlobalSection
	GlobalSection(SolutionProperties) = preSolution
		HideSolutionNode = FALSE
	EndGlobalSection
EndGlobal
